// !$*UTF8*$!
{
	archiveVersion = 1;
	classes = {
	};
	objectVersion = 46;
	objects = {

/* Begin PBXBuildFile section */
		3D1B59151BBD7DEA009F34E7 /* ToggleButton.swift in Sources */ = {isa = PBXBuildFile; fileRef = 3D1B59141BBD7DEA009F34E7 /* ToggleButton.swift */; };
		3D1B59391BBF073B009F34E7 /* TouchSlider.swift in Sources */ = {isa = PBXBuildFile; fileRef = 3D1B59381BBF073B009F34E7 /* TouchSlider.swift */; };
		3D9951691BBC18EB00350EDF /* AppDelegate.swift in Sources */ = {isa = PBXBuildFile; fileRef = 3D9951681BBC18EB00350EDF /* AppDelegate.swift */; };
		3D99516B1BBC18EB00350EDF /* ViewController.swift in Sources */ = {isa = PBXBuildFile; fileRef = 3D99516A1BBC18EB00350EDF /* ViewController.swift */; };
		3D99516E1BBC18EB00350EDF /* Main.storyboard in Resources */ = {isa = PBXBuildFile; fileRef = 3D99516C1BBC18EB00350EDF /* Main.storyboard */; };
		3D9951701BBC18EB00350EDF /* Assets.xcassets in Resources */ = {isa = PBXBuildFile; fileRef = 3D99516F1BBC18EB00350EDF /* Assets.xcassets */; };
		3D9951731BBC18EB00350EDF /* LaunchScreen.storyboard in Resources */ = {isa = PBXBuildFile; fileRef = 3D9951711BBC18EB00350EDF /* LaunchScreen.storyboard */; };
		3D99517B1BBC19A600350EDF /* DrawView.swift in Sources */ = {isa = PBXBuildFile; fileRef = 3D99517A1BBC19A600350EDF /* DrawView.swift */; };
		3DEBA4221C171E1D00C088BA /* MainButton.swift in Sources */ = {isa = PBXBuildFile; fileRef = 3DEBA4211C171E1D00C088BA /* MainButton.swift */; };
/* End PBXBuildFile section */

/* Begin PBXFileReference section */
		3D1B59141BBD7DEA009F34E7 /* ToggleButton.swift */ = {isa = PBXFileReference; fileEncoding = 4; lastKnownFileType = sourcecode.swift; path = ToggleButton.swift; sourceTree = "<group>"; };
		3D1B59381BBF073B009F34E7 /* TouchSlider.swift */ = {isa = PBXFileReference; fileEncoding = 4; lastKnownFileType = sourcecode.swift; path = TouchSlider.swift; sourceTree = "<group>"; };
		3D1B593A1BBF1A8B009F34E7 /* MyPlayground.playground */ = {isa = PBXFileReference; lastKnownFileType = file.playground; path = MyPlayground.playground; sourceTree = "<group>"; };
		3D9951651BBC18EB00350EDF /* TouchDraw.app */ = {isa = PBXFileReference; explicitFileType = wrapper.application; includeInIndex = 0; path = TouchDraw.app; sourceTree = BUILT_PRODUCTS_DIR; };
		3D9951681BBC18EB00350EDF /* AppDelegate.swift */ = {isa = PBXFileReference; lastKnownFileType = sourcecode.swift; path = AppDelegate.swift; sourceTree = "<group>"; };
		3D99516A1BBC18EB00350EDF /* ViewController.swift */ = {isa = PBXFileReference; lastKnownFileType = sourcecode.swift; path = ViewController.swift; sourceTree = "<group>"; };
		3D99516D1BBC18EB00350EDF /* Base */ = {isa = PBXFileReference; lastKnownFileType = file.storyboard; name = Base; path = Base.lproj/Main.storyboard; sourceTree = "<group>"; };
		3D99516F1BBC18EB00350EDF /* Assets.xcassets */ = {isa = PBXFileReference; lastKnownFileType = folder.assetcatalog; path = Assets.xcassets; sourceTree = "<group>"; };
		3D9951721BBC18EB00350EDF /* Base */ = {isa = PBXFileReference; lastKnownFileType = file.storyboard; name = Base; path = Base.lproj/LaunchScreen.storyboard; sourceTree = "<group>"; };
		3D9951741BBC18EB00350EDF /* Info.plist */ = {isa = PBXFileReference; lastKnownFileType = text.plist.xml; path = Info.plist; sourceTree = "<group>"; };
		3D99517A1BBC19A600350EDF /* DrawView.swift */ = {isa = PBXFileReference; fileEncoding = 4; lastKnownFileType = sourcecode.swift; path = DrawView.swift; sourceTree = "<group>"; };
		3DEBA4211C171E1D00C088BA /* MainButton.swift */ = {isa = PBXFileReference; fileEncoding = 4; lastKnownFileType = sourcecode.swift; path = MainButton.swift; sourceTree = "<group>"; };
/* End PBXFileReference section */

/* Begin PBXFrameworksBuildPhase section */
		3D9951621BBC18EB00350EDF /* Frameworks */ = {
			isa = PBXFrameworksBuildPhase;
			buildActionMask = 2147483647;
			files = (
			);
			runOnlyForDeploymentPostprocessing = 0;
		};
/* End PBXFrameworksBuildPhase section */

/* Begin PBXGroup section */
		3D99515C1BBC18EB00350EDF = {
			isa = PBXGroup;
			children = (
				3D9951671BBC18EB00350EDF /* TouchDraw */,
				3D9951661BBC18EB00350EDF /* Products */,
			);
			sourceTree = "<group>";
		};
		3D9951661BBC18EB00350EDF /* Products */ = {
			isa = PBXGroup;
			children = (
				3D9951651BBC18EB00350EDF /* TouchDraw.app */,
			);
			name = Products;
			sourceTree = "<group>";
		};
		3D9951671BBC18EB00350EDF /* TouchDraw */ = {
			isa = PBXGroup;
			children = (
				3D9951681BBC18EB00350EDF /* AppDelegate.swift */,
				3D1B59381BBF073B009F34E7 /* TouchSlider.swift */,
				3DEBA4211C171E1D00C088BA /* MainButton.swift */,
				3D99516A1BBC18EB00350EDF /* ViewController.swift */,
				3D99516C1BBC18EB00350EDF /* Main.storyboard */,
				3D1B593A1BBF1A8B009F34E7 /* MyPlayground.playground */,
				3D99516F1BBC18EB00350EDF /* Assets.xcassets */,
				3D9951711BBC18EB00350EDF /* LaunchScreen.storyboard */,
				3D9951741BBC18EB00350EDF /* Info.plist */,
				3D99517A1BBC19A600350EDF /* DrawView.swift */,
				3D1B59141BBD7DEA009F34E7 /* ToggleButton.swift */,
			);
			path = TouchDraw;
			sourceTree = "<group>";
		};
/* End PBXGroup section */

/* Begin PBXNativeTarget section */
		3D9951641BBC18EB00350EDF /* TouchDraw */ = {
			isa = PBXNativeTarget;
			buildConfigurationList = 3D9951771BBC18EB00350EDF /* Build configuration list for PBXNativeTarget "TouchDraw" */;
			buildPhases = (
				3D9951611BBC18EB00350EDF /* Sources */,
				3D9951621BBC18EB00350EDF /* Frameworks */,
				3D9951631BBC18EB00350EDF /* Resources */,
			);
			buildRules = (
			);
			dependencies = (
			);
			name = TouchDraw;
			productName = TouchDraw;
			productReference = 3D9951651BBC18EB00350EDF /* TouchDraw.app */;
			productType = "com.apple.product-type.application";
		};
/* End PBXNativeTarget section */

/* Begin PBXProject section */
		3D99515D1BBC18EB00350EDF /* Project object */ = {
			isa = PBXProject;
			attributes = {
				LastUpgradeCheck = 0700;
				ORGANIZATIONNAME = "Kelly Robinson";
				TargetAttributes = {
					3D9951641BBC18EB00350EDF = {
						CreatedOnToolsVersion = 7.0;
					};
				};
			};
			buildConfigurationList = 3D9951601BBC18EB00350EDF /* Build configuration list for PBXProject "TouchDraw" */;
			compatibilityVersion = "Xcode 3.2";
			developmentRegion = English;
			hasScannedForEncodings = 0;
			knownRegions = (
				en,
				Base,
			);
			mainGroup = 3D99515C1BBC18EB00350EDF;
			productRefGroup = 3D9951661BBC18EB00350EDF /* Products */;
			projectDirPath = "";
			projectRoot = "";
			targets = (
				3D9951641BBC18EB00350EDF /* TouchDraw */,
			);
		};
/* End PBXProject section */

/* Begin PBXResourcesBuildPhase section */
		3D9951631BBC18EB00350EDF /* Resources */ = {
			isa = PBXResourcesBuildPhase;
			buildActionMask = 2147483647;
			files = (
				3D9951731BBC18EB00350EDF /* LaunchScreen.storyboard in Resources */,
				3D9951701BBC18EB00350EDF /* Assets.xcassets in Resources */,
				3D99516E1BBC18EB00350EDF /* Main.storyboard in Resources */,
			);
			runOnlyForDeploymentPostprocessing = 0;
		};
/* End PBXResourcesBuildPhase section */

/* Begin PBXSourcesBuildPhase section */
		3D9951611BBC18EB00350EDF /* Sources */ = {
			isa = PBXSourcesBuildPhase;
			buildActionMask = 2147483647;
			files = (
				3D99516B1BBC18EB00350EDF /* ViewController.swift in Sources */,
				3D1B59391BBF073B009F34E7 /* TouchSlider.swift in Sources */,
				3DEBA4221C171E1D00C088BA /* MainButton.swift in Sources */,
				3D9951691BBC18EB00350EDF /* AppDelegate.swift in Sources */,
				3D99517B1BBC19A600350EDF /* DrawView.swift in Sources */,
				3D1B59151BBD7DEA009F34E7 /* ToggleButton.swift in Sources */,
			);
			runOnlyForDeploymentPostprocessing = 0;
		};
/* End PBXSourcesBuildPhase section */

/* Begin PBXVariantGroup section */
		3D99516C1BBC18EB00350EDF /* Main.storyboard */ = {
			isa = PBXVariantGroup;
			children = (
				3D99516D1BBC18EB00350EDF /* Base */,
			);
			name = Main.storyboard;
			sourceTree = "<group>";
		};
		3D9951711BBC18EB00350EDF /* LaunchScreen.storyboard */ = {
			isa = PBXVariantGroup;
			children = (
				3D9951721BBC18EB00350EDF /* Base */,
			);
			name = LaunchScreen.storyboard;
			sourceTree = "<group>";
		};
/* End PBXVariantGroup section */

/* Begin XCBuildConfiguration section */
		3D9951751BBC18EB00350EDF /* Debug */ = {
			isa = XCBuildConfiguration;
			buildSettings = {
				ALWAYS_SEARCH_USER_PATHS = NO;
				CLANG_CXX_LANGUAGE_STANDARD = "gnu++0x";
				CLANG_CXX_LIBRARY = "libc++";
				CLANG_ENABLE_MODULES = YES;
				CLANG_ENABLE_OBJC_ARC = YES;
				CLANG_WARN_BOOL_CONVERSION = YES;
				CLANG_WARN_CONSTANT_CONVERSION = YES;
				CLANG_WARN_DIRECT_OBJC_ISA_USAGE = YES_ERROR;
				CLANG_WARN_EMPTY_BODY = YES;
				CLANG_WARN_ENUM_CONVERSION = YES;
				CLANG_WARN_INT_CONVERSION = YES;
				CLANG_WARN_OBJC_ROOT_CLASS = YES_ERROR;
				CLANG_WARN_UNREACHABLE_CODE = YES;
				CLANG_WARN__DUPLICATE_METHOD_MATCH = YES;
				"CODE_SIGN_IDENTITY[sdk=iphoneos*]" = "iPhone Developer";
				COPY_PHASE_STRIP = NO;
				DEBUG_INFORMATION_FORMAT = dwarf;
				ENABLE_STRICT_OBJC_MSGSEND = YES;
				ENABLE_TESTABILITY = YES;
				GCC_C_LANGUAGE_STANDARD = gnu99;
				GCC_DYNAMIC_NO_PIC = NO;
				GCC_NO_COMMON_BLOCKS = YES;
				GCC_OPTIMIZATION_LEVEL = 0;
				GCC_PREPROCESSOR_DEFINITIONS = (
					"DEBUG=1",
					"$(inherited)",
				);
				GCC_WARN_64_TO_32_BIT_CONVERSION = YES;
				GCC_WARN_ABOUT_RETURN_TYPE = YES_ERROR;
				GCC_WARN_UNDECLARED_SELECTOR = YES;
				GCC_WARN_UNINITIALIZED_AUTOS = YES_AGGRESSIVE;
				GCC_WARN_UNUSED_FUNCTION = YES;
				GCC_WARN_UNUSED_VARIABLE = YES;
				IPHONEOS_DEPLOYMENT_TARGET = 9.0;
				MTL_ENABLE_DEBUG_INFO = YES;
				ONLY_ACTIVE_ARCH = YES;
				SDKROOT = iphoneos;
				SWIFT_OPTIMIZATION_LEVEL = "-Onone";
			};
			name = Debug;
		};
		3D9951761BBC18EB00350EDF /* Release */ = {
			isa = XCBuildConfiguration;
			buildSettings = {
				ALWAYS_SEARCH_USER_PATHS = NO;
				CLANG_CXX_LANGUAGE_STANDARD = "gnu++0x";
				CLANG_CXX_LIBRARY = "libc++";
				CLANG_ENABLE_MODULES = YES;
				CLANG_ENABLE_OBJC_ARC = YES;
				CLANG_WARN_BOOL_CONVERSION = YES;
				CLANG_WARN_CONSTANT_CONVERSION = YES;
				CLANG_WARN_DIRECT_OBJC_ISA_USAGE = YES_ERROR;
				CLANG_WARN_EMPTY_BODY = YES;
				CLANG_WARN_ENUM_CONVERSION = YES;
				CLANG_WARN_INT_CONVERSION = YES;
				CLANG_WARN_OBJC_ROOT_CLASS = YES_ERROR;
				CLANG_WARN_UNREACHABLE_CODE = YES;
				CLANG_WARN__DUPLICATE_METHOD_MATCH = YES;
				"CODE_SIGN_IDENTITY[sdk=iphoneos*]" = "iPhone Developer";
				COPY_PHASE_STRIP = NO;
				DEBUG_INFORMATION_FORMAT = "dwarf-with-dsym";
				ENABLE_NS_ASSERTIONS = NO;
				ENABLE_STRICT_OBJC_MSGSEND = YES;
				GCC_C_LANGUAGE_STANDARD = gnu99;
				GCC_NO_COMMON_BLOCKS = YES;
				GCC_WARN_64_TO_32_BIT_CONVERSION = YES;
				GCC_WARN_ABOUT_RETURN_TYPE = YES_ERROR;
				GCC_WARN_UNDECLARED_SELECTOR = YES;
				GCC_WARN_UNINITIALIZED_AUTOS = YES_AGGRESSIVE;
				GCC_WARN_UNUSED_FUNCTION = YES;
				GCC_WARN_UNUSED_VARIABLE = YES;
				IPHONEOS_DEPLOYMENT_TARGET = 9.0;
				MTL_ENABLE_DEBUG_INFO = NO;
				SDKROOT = iphoneos;
				VALIDATE_PRODUCT = YES;
			};
			name = Release;
		};
		3D9951781BBC18EB00350EDF /* Debug */ = {
			isa = XCBuildConfiguration;
			buildSettings = {
				ASSETCATALOG_COMPILER_APPICON_NAME = AppIcon;
				INFOPLIST_FILE = TouchDraw/Info.plist;
				LD_RUNPATH_SEARCH_PATHS = "$(inherited) @executable_path/Frameworks";
				PRODUCT_BUNDLE_IDENTIFIER = com.Kelly.TouchDraw;
				PRODUCT_NAME = "$(TARGET_NAME)";
			};
			name = Debug;
		};
		3D9951791BBC18EB00350EDF /* Release */ = {
			isa = XCBuildConfiguration;
			buildSettings = {
				ASSETCATALOG_COMPILER_APPICON_NAME = AppIcon;
				INFOPLIST_FILE = TouchDraw/Info.plist;
				LD_RUNPATH_SEARCH_PATHS = "$(inherited) @executable_path/Frameworks";
				PRODUCT_BUNDLE_IDENTIFIER = com.Kelly.TouchDraw;
				PRODUCT_NAME = "$(TARGET_NAME)";
			};
			name = Release;
		};
/* End XCBuildConfiguration section */

/* Begin XCConfigurationList section */
		3D9951601BBC18EB00350EDF /* Build configuration list for PBXProject "TouchDraw" */ = {
			isa = XCConfigurationList;
			buildConfigurations = (
				3D9951751BBC18EB00350EDF /* Debug */,
				3D9951761BBC18EB00350EDF /* Release */,
			);
			defaultConfigurationIsVisible = 0;
			defaultConfigurationName = Release;
		};
		3D9951771BBC18EB00350EDF /* Build configuration list for PBXNativeTarget "TouchDraw" */ = {
			isa = XCConfigurationList;
			buildConfigurations = (
				3D9951781BBC18EB00350EDF /* Debug */,
				3D9951791BBC18EB00350EDF /* Release */,
			);
			defaultConfigurationIsVisible = 0;
			defaultConfigurationName = Release;
		};
/* End XCConfigurationList section */
	};
	rootObject = 3D99515D1BBC18EB00350EDF /* Project object */;
}
